
Microsoft Visual Studio Solution File, Format Version 12.00
# Visual Studio 15
VisualStudioVersion = 15.0.26124.0
MinimumVisualStudioVersion = 15.0.26124.0
Project("{FAE04EC0-301F-11D3-BF4B-00C04F79EFBC}") = "Pipeline.FileUploaded", "Pipeline.FileUploaded\Pipeline.FileUploaded.csproj", "{82A6E3CE-23A4-4CC0-B935-5EF7F5CF75BF}"
EndProject
Project("{FAE04EC0-301F-11D3-BF4B-00C04F79EFBC}") = "Pipeline.Contracts", "Pipeline.Contracts\Pipeline.Contracts.csproj", "{4FBF2B05-401F-408F-8908-B4D352D137F6}"
EndProject
Project("{FAE04EC0-301F-11D3-BF4B-00C04F79EFBC}") = "Pipeline.CopyOriginalFile", "Pipeline.CopyOriginalFile\Pipeline.CopyOriginalFile.csproj", "{33F58518-D2BE-46EE-A7CE-3321B67BE2CF}"
EndProject
Project("{FAE04EC0-301F-11D3-BF4B-00C04F79EFBC}") = "Pipeline.ProcessResult", "Pipeline.ProcessResult\Pipeline.ProcessResult.csproj", "{25223F6B-CAC8-4DDC-B97E-755D44C91DF7}"
EndProject
Project("{FAE04EC0-301F-11D3-BF4B-00C04F79EFBC}") = "Pipeline.GetJobsList", "Pipeline.GetJobsList\Pipeline.GetJobsList.csproj", "{ADF1CA07-2032-443D-A76B-0ED493A707C6}"
EndProject
Project("{FAE04EC0-301F-11D3-BF4B-00C04F79EFBC}") = "Pipeline.GetUploadUrl", "Pipeline.GetUploadUrl\Pipeline.GetUploadUrl.csproj", "{D675F9BE-A9AB-4265-9EE7-EB2112D95EDF}"
EndProject
Project("{FAE04EC0-301F-11D3-BF4B-00C04F79EFBC}") = "Pipeline.GetDownloadUrl", "Pipeline.GetDownloadUrl\Pipeline.GetDownloadUrl.csproj", "{9DB90762-C992-4DEF-B3F5-192B6DBF488B}"
EndProject
Project("{2150E333-8FDC-42A3-9474-1A3956D46DE8}") = "_Shared", "_Shared", "{F50DF24A-4975-4AEA-8E63-A2A97DD9088C}"
EndProject
Project("{2150E333-8FDC-42A3-9474-1A3956D46DE8}") = "Handlers", "Handlers", "{B8AFCC7F-96B5-42C2-83FC-A31E388F200C}"
EndProject
Project("{FAE04EC0-301F-11D3-BF4B-00C04F79EFBC}") = "Pipeline.Data", "Pipeline.Data\Pipeline.Data.csproj", "{2C2F71BD-EC2C-4B47-BED3-FF82F57EDABB}"
EndProject
Project("{FAE04EC0-301F-11D3-BF4B-00C04F79EFBC}") = "Pipeline.Storage", "Pipeline.Storage\Pipeline.Storage.csproj", "{C3ABD7C9-F7C9-431E-99C1-846588CDB8EC}"
EndProject
Global
	GlobalSection(SolutionConfigurationPlatforms) = preSolution
		Debug|Any CPU = Debug|Any CPU
		Debug|x64 = Debug|x64
		Debug|x86 = Debug|x86
		Release|Any CPU = Release|Any CPU
		Release|x64 = Release|x64
		Release|x86 = Release|x86
	EndGlobalSection
	GlobalSection(SolutionProperties) = preSolution
		HideSolutionNode = FALSE
	EndGlobalSection
	GlobalSection(ProjectConfigurationPlatforms) = postSolution
		{82A6E3CE-23A4-4CC0-B935-5EF7F5CF75BF}.Debug|Any CPU.ActiveCfg = Debug|Any CPU
		{82A6E3CE-23A4-4CC0-B935-5EF7F5CF75BF}.Debug|Any CPU.Build.0 = Debug|Any CPU
		{82A6E3CE-23A4-4CC0-B935-5EF7F5CF75BF}.Debug|x64.ActiveCfg = Debug|Any CPU
		{82A6E3CE-23A4-4CC0-B935-5EF7F5CF75BF}.Debug|x64.Build.0 = Debug|Any CPU
		{82A6E3CE-23A4-4CC0-B935-5EF7F5CF75BF}.Debug|x86.ActiveCfg = Debug|Any CPU
		{82A6E3CE-23A4-4CC0-B935-5EF7F5CF75BF}.Debug|x86.Build.0 = Debug|Any CPU
		{82A6E3CE-23A4-4CC0-B935-5EF7F5CF75BF}.Release|Any CPU.ActiveCfg = Release|Any CPU
		{82A6E3CE-23A4-4CC0-B935-5EF7F5CF75BF}.Release|Any CPU.Build.0 = Release|Any CPU
		{82A6E3CE-23A4-4CC0-B935-5EF7F5CF75BF}.Release|x64.ActiveCfg = Release|Any CPU
		{82A6E3CE-23A4-4CC0-B935-5EF7F5CF75BF}.Release|x64.Build.0 = Release|Any CPU
		{82A6E3CE-23A4-4CC0-B935-5EF7F5CF75BF}.Release|x86.ActiveCfg = Release|Any CPU
		{82A6E3CE-23A4-4CC0-B935-5EF7F5CF75BF}.Release|x86.Build.0 = Release|Any CPU
		{4FBF2B05-401F-408F-8908-B4D352D137F6}.Debug|Any CPU.ActiveCfg = Debug|Any CPU
		{4FBF2B05-401F-408F-8908-B4D352D137F6}.Debug|Any CPU.Build.0 = Debug|Any CPU
		{4FBF2B05-401F-408F-8908-B4D352D137F6}.Debug|x64.ActiveCfg = Debug|Any CPU
		{4FBF2B05-401F-408F-8908-B4D352D137F6}.Debug|x64.Build.0 = Debug|Any CPU
		{4FBF2B05-401F-408F-8908-B4D352D137F6}.Debug|x86.ActiveCfg = Debug|Any CPU
		{4FBF2B05-401F-408F-8908-B4D352D137F6}.Debug|x86.Build.0 = Debug|Any CPU
		{4FBF2B05-401F-408F-8908-B4D352D137F6}.Release|Any CPU.ActiveCfg = Release|Any CPU
		{4FBF2B05-401F-408F-8908-B4D352D137F6}.Release|Any CPU.Build.0 = Release|Any CPU
		{4FBF2B05-401F-408F-8908-B4D352D137F6}.Release|x64.ActiveCfg = Release|Any CPU
		{4FBF2B05-401F-408F-8908-B4D352D137F6}.Release|x64.Build.0 = Release|Any CPU
		{4FBF2B05-401F-408F-8908-B4D352D137F6}.Release|x86.ActiveCfg = Release|Any CPU
		{4FBF2B05-401F-408F-8908-B4D352D137F6}.Release|x86.Build.0 = Release|Any CPU
		{33F58518-D2BE-46EE-A7CE-3321B67BE2CF}.Debug|Any CPU.ActiveCfg = Debug|Any CPU
		{33F58518-D2BE-46EE-A7CE-3321B67BE2CF}.Debug|Any CPU.Build.0 = Debug|Any CPU
		{33F58518-D2BE-46EE-A7CE-3321B67BE2CF}.Debug|x64.ActiveCfg = Debug|Any CPU
		{33F58518-D2BE-46EE-A7CE-3321B67BE2CF}.Debug|x64.Build.0 = Debug|Any CPU
		{33F58518-D2BE-46EE-A7CE-3321B67BE2CF}.Debug|x86.ActiveCfg = Debug|Any CPU
		{33F58518-D2BE-46EE-A7CE-3321B67BE2CF}.Debug|x86.Build.0 = Debug|Any CPU
		{33F58518-D2BE-46EE-A7CE-3321B67BE2CF}.Release|Any CPU.ActiveCfg = Release|Any CPU
		{33F58518-D2BE-46EE-A7CE-3321B67BE2CF}.Release|Any CPU.Build.0 = Release|Any CPU
		{33F58518-D2BE-46EE-A7CE-3321B67BE2CF}.Release|x64.ActiveCfg = Release|Any CPU
		{33F58518-D2BE-46EE-A7CE-3321B67BE2CF}.Release|x64.Build.0 = Release|Any CPU
		{33F58518-D2BE-46EE-A7CE-3321B67BE2CF}.Release|x86.ActiveCfg = Release|Any CPU
		{33F58518-D2BE-46EE-A7CE-3321B67BE2CF}.Release|x86.Build.0 = Release|Any CPU
		{25223F6B-CAC8-4DDC-B97E-755D44C91DF7}.Debug|Any CPU.ActiveCfg = Debug|Any CPU
		{25223F6B-CAC8-4DDC-B97E-755D44C91DF7}.Debug|Any CPU.Build.0 = Debug|Any CPU
		{25223F6B-CAC8-4DDC-B97E-755D44C91DF7}.Debug|x64.ActiveCfg = Debug|Any CPU
		{25223F6B-CAC8-4DDC-B97E-755D44C91DF7}.Debug|x64.Build.0 = Debug|Any CPU
		{25223F6B-CAC8-4DDC-B97E-755D44C91DF7}.Debug|x86.ActiveCfg = Debug|Any CPU
		{25223F6B-CAC8-4DDC-B97E-755D44C91DF7}.Debug|x86.Build.0 = Debug|Any CPU
		{25223F6B-CAC8-4DDC-B97E-755D44C91DF7}.Release|Any CPU.ActiveCfg = Release|Any CPU
		{25223F6B-CAC8-4DDC-B97E-755D44C91DF7}.Release|Any CPU.Build.0 = Release|Any CPU
		{25223F6B-CAC8-4DDC-B97E-755D44C91DF7}.Release|x64.ActiveCfg = Release|Any CPU
		{25223F6B-CAC8-4DDC-B97E-755D44C91DF7}.Release|x64.Build.0 = Release|Any CPU
		{25223F6B-CAC8-4DDC-B97E-755D44C91DF7}.Release|x86.ActiveCfg = Release|Any CPU
		{25223F6B-CAC8-4DDC-B97E-755D44C91DF7}.Release|x86.Build.0 = Release|Any CPU
		{ADF1CA07-2032-443D-A76B-0ED493A707C6}.Debug|Any CPU.ActiveCfg = Debug|Any CPU
		{ADF1CA07-2032-443D-A76B-0ED493A707C6}.Debug|Any CPU.Build.0 = Debug|Any CPU
		{ADF1CA07-2032-443D-A76B-0ED493A707C6}.Debug|x64.ActiveCfg = Debug|Any CPU
		{ADF1CA07-2032-443D-A76B-0ED493A707C6}.Debug|x64.Build.0 = Debug|Any CPU
		{ADF1CA07-2032-443D-A76B-0ED493A707C6}.Debug|x86.ActiveCfg = Debug|Any CPU
		{ADF1CA07-2032-443D-A76B-0ED493A707C6}.Debug|x86.Build.0 = Debug|Any CPU
		{ADF1CA07-2032-443D-A76B-0ED493A707C6}.Release|Any CPU.ActiveCfg = Release|Any CPU
		{ADF1CA07-2032-443D-A76B-0ED493A707C6}.Release|Any CPU.Build.0 = Release|Any CPU
		{ADF1CA07-2032-443D-A76B-0ED493A707C6}.Release|x64.ActiveCfg = Release|Any CPU
		{ADF1CA07-2032-443D-A76B-0ED493A707C6}.Release|x64.Build.0 = Release|Any CPU
		{ADF1CA07-2032-443D-A76B-0ED493A707C6}.Release|x86.ActiveCfg = Release|Any CPU
		{ADF1CA07-2032-443D-A76B-0ED493A707C6}.Release|x86.Build.0 = Release|Any CPU
		{D675F9BE-A9AB-4265-9EE7-EB2112D95EDF}.Debug|Any CPU.ActiveCfg = Debug|Any CPU
		{D675F9BE-A9AB-4265-9EE7-EB2112D95EDF}.Debug|Any CPU.Build.0 = Debug|Any CPU
		{D675F9BE-A9AB-4265-9EE7-EB2112D95EDF}.Debug|x64.ActiveCfg = Debug|Any CPU
		{D675F9BE-A9AB-4265-9EE7-EB2112D95EDF}.Debug|x64.Build.0 = Debug|Any CPU
		{D675F9BE-A9AB-4265-9EE7-EB2112D95EDF}.Debug|x86.ActiveCfg = Debug|Any CPU
		{D675F9BE-A9AB-4265-9EE7-EB2112D95EDF}.Debug|x86.Build.0 = Debug|Any CPU
		{D675F9BE-A9AB-4265-9EE7-EB2112D95EDF}.Release|Any CPU.ActiveCfg = Release|Any CPU
		{D675F9BE-A9AB-4265-9EE7-EB2112D95EDF}.Release|Any CPU.Build.0 = Release|Any CPU
		{D675F9BE-A9AB-4265-9EE7-EB2112D95EDF}.Release|x64.ActiveCfg = Release|Any CPU
		{D675F9BE-A9AB-4265-9EE7-EB2112D95EDF}.Release|x64.Build.0 = Release|Any CPU
		{D675F9BE-A9AB-4265-9EE7-EB2112D95EDF}.Release|x86.ActiveCfg = Release|Any CPU
		{D675F9BE-A9AB-4265-9EE7-EB2112D95EDF}.Release|x86.Build.0 = Release|Any CPU
		{9DB90762-C992-4DEF-B3F5-192B6DBF488B}.Debug|Any CPU.ActiveCfg = Debug|Any CPU
		{9DB90762-C992-4DEF-B3F5-192B6DBF488B}.Debug|Any CPU.Build.0 = Debug|Any CPU
		{9DB90762-C992-4DEF-B3F5-192B6DBF488B}.Debug|x64.ActiveCfg = Debug|Any CPU
		{9DB90762-C992-4DEF-B3F5-192B6DBF488B}.Debug|x64.Build.0 = Debug|Any CPU
		{9DB90762-C992-4DEF-B3F5-192B6DBF488B}.Debug|x86.ActiveCfg = Debug|Any CPU
		{9DB90762-C992-4DEF-B3F5-192B6DBF488B}.Debug|x86.Build.0 = Debug|Any CPU
		{9DB90762-C992-4DEF-B3F5-192B6DBF488B}.Release|Any CPU.ActiveCfg = Release|Any CPU
		{9DB90762-C992-4DEF-B3F5-192B6DBF488B}.Release|Any CPU.Build.0 = Release|Any CPU
		{9DB90762-C992-4DEF-B3F5-192B6DBF488B}.Release|x64.ActiveCfg = Release|Any CPU
		{9DB90762-C992-4DEF-B3F5-192B6DBF488B}.Release|x64.Build.0 = Release|Any CPU
		{9DB90762-C992-4DEF-B3F5-192B6DBF488B}.Release|x86.ActiveCfg = Release|Any CPU
		{9DB90762-C992-4DEF-B3F5-192B6DBF488B}.Release|x86.Build.0 = Release|Any CPU
		{2C2F71BD-EC2C-4B47-BED3-FF82F57EDABB}.Debug|Any CPU.ActiveCfg = Debug|Any CPU
		{2C2F71BD-EC2C-4B47-BED3-FF82F57EDABB}.Debug|Any CPU.Build.0 = Debug|Any CPU
		{2C2F71BD-EC2C-4B47-BED3-FF82F57EDABB}.Debug|x64.ActiveCfg = Debug|Any CPU
		{2C2F71BD-EC2C-4B47-BED3-FF82F57EDABB}.Debug|x64.Build.0 = Debug|Any CPU
		{2C2F71BD-EC2C-4B47-BED3-FF82F57EDABB}.Debug|x86.ActiveCfg = Debug|Any CPU
		{2C2F71BD-EC2C-4B47-BED3-FF82F57EDABB}.Debug|x86.Build.0 = Debug|Any CPU
		{2C2F71BD-EC2C-4B47-BED3-FF82F57EDABB}.Release|Any CPU.ActiveCfg = Release|Any CPU
		{2C2F71BD-EC2C-4B47-BED3-FF82F57EDABB}.Release|Any CPU.Build.0 = Release|Any CPU
		{2C2F71BD-EC2C-4B47-BED3-FF82F57EDABB}.Release|x64.ActiveCfg = Release|Any CPU
		{2C2F71BD-EC2C-4B47-BED3-FF82F57EDABB}.Release|x64.Build.0 = Release|Any CPU
		{2C2F71BD-EC2C-4B47-BED3-FF82F57EDABB}.Release|x86.ActiveCfg = Release|Any CPU
		{2C2F71BD-EC2C-4B47-BED3-FF82F57EDABB}.Release|x86.Build.0 = Release|Any CPU
		{C3ABD7C9-F7C9-431E-99C1-846588CDB8EC}.Debug|Any CPU.ActiveCfg = Debug|Any CPU
		{C3ABD7C9-F7C9-431E-99C1-846588CDB8EC}.Debug|Any CPU.Build.0 = Debug|Any CPU
		{C3ABD7C9-F7C9-431E-99C1-846588CDB8EC}.Debug|x64.ActiveCfg = Debug|Any CPU
		{C3ABD7C9-F7C9-431E-99C1-846588CDB8EC}.Debug|x64.Build.0 = Debug|Any CPU
		{C3ABD7C9-F7C9-431E-99C1-846588CDB8EC}.Debug|x86.ActiveCfg = Debug|Any CPU
		{C3ABD7C9-F7C9-431E-99C1-846588CDB8EC}.Debug|x86.Build.0 = Debug|Any CPU
		{C3ABD7C9-F7C9-431E-99C1-846588CDB8EC}.Release|Any CPU.ActiveCfg = Release|Any CPU
		{C3ABD7C9-F7C9-431E-99C1-846588CDB8EC}.Release|Any CPU.Build.0 = Release|Any CPU
		{C3ABD7C9-F7C9-431E-99C1-846588CDB8EC}.Release|x64.ActiveCfg = Release|Any CPU
		{C3ABD7C9-F7C9-431E-99C1-846588CDB8EC}.Release|x64.Build.0 = Release|Any CPU
		{C3ABD7C9-F7C9-431E-99C1-846588CDB8EC}.Release|x86.ActiveCfg = Release|Any CPU
		{C3ABD7C9-F7C9-431E-99C1-846588CDB8EC}.Release|x86.Build.0 = Release|Any CPU
	EndGlobalSection
	GlobalSection(NestedProjects) = preSolution
		{4FBF2B05-401F-408F-8908-B4D352D137F6} = {F50DF24A-4975-4AEA-8E63-A2A97DD9088C}
		{33F58518-D2BE-46EE-A7CE-3321B67BE2CF} = {B8AFCC7F-96B5-42C2-83FC-A31E388F200C}
		{82A6E3CE-23A4-4CC0-B935-5EF7F5CF75BF} = {B8AFCC7F-96B5-42C2-83FC-A31E388F200C}
		{9DB90762-C992-4DEF-B3F5-192B6DBF488B} = {B8AFCC7F-96B5-42C2-83FC-A31E388F200C}
		{ADF1CA07-2032-443D-A76B-0ED493A707C6} = {B8AFCC7F-96B5-42C2-83FC-A31E388F200C}
		{D675F9BE-A9AB-4265-9EE7-EB2112D95EDF} = {B8AFCC7F-96B5-42C2-83FC-A31E388F200C}
		{25223F6B-CAC8-4DDC-B97E-755D44C91DF7} = {B8AFCC7F-96B5-42C2-83FC-A31E388F200C}
		{2C2F71BD-EC2C-4B47-BED3-FF82F57EDABB} = {F50DF24A-4975-4AEA-8E63-A2A97DD9088C}
		{C3ABD7C9-F7C9-431E-99C1-846588CDB8EC} = {F50DF24A-4975-4AEA-8E63-A2A97DD9088C}
	EndGlobalSection
EndGlobal
